
Microsoft Visual Studio Solution File, Format Version 12.00
# Visual Studio Version 17
VisualStudioVersion = 17.0.31903.59
MinimumVisualStudioVersion = 10.0.40219.1
Project("{9A19103F-16F7-4668-BE54-9A1E7A4F7556}") = "WebApi", "WebApi\WebApi.csproj", "{9C97CBE0-BD1C-40AC-9339-443CFBA1548E}"
EndProject
Project("{9A19103F-16F7-4668-BE54-9A1E7A4F7556}") = "Entities", "Entities\Entities.csproj", "{8802EDA9-FF0A-4328-B3FA-9C2125EC794B}"
EndProject
Project("{9A19103F-16F7-4668-BE54-9A1E7A4F7556}") = "Repositories", "Repositories\Repositories.csproj", "{302F2259-3F3F-48CE-BE6A-30892E4FC93F}"
EndProject
Project("{9A19103F-16F7-4668-BE54-9A1E7A4F7556}") = "Services", "Services\Services.csproj", "{0994C8EB-B811-43EE-A456-F8E608FD0C4F}"
EndProject
Project("{FAE04EC0-301F-11D3-BF4B-00C04F79EFBC}") = "Presentation", "Presentation\Presentation.csproj", "{9C03D6F8-97A2-44F3-BE52-578C2B0BF435}"
EndProject
Global
	GlobalSection(SolutionConfigurationPlatforms) = preSolution
		Debug|Any CPU = Debug|Any CPU
		Release|Any CPU = Release|Any CPU
	EndGlobalSection
	GlobalSection(ProjectConfigurationPlatforms) = postSolution
		{9C97CBE0-BD1C-40AC-9339-443CFBA1548E}.Debug|Any CPU.ActiveCfg = Debug|Any CPU
		{9C97CBE0-BD1C-40AC-9339-443CFBA1548E}.Debug|Any CPU.Build.0 = Debug|Any CPU
		{9C97CBE0-BD1C-40AC-9339-443CFBA1548E}.Release|Any CPU.ActiveCfg = Release|Any CPU
		{9C97CBE0-BD1C-40AC-9339-443CFBA1548E}.Release|Any CPU.Build.0 = Release|Any CPU
		{8802EDA9-FF0A-4328-B3FA-9C2125EC794B}.Debug|Any CPU.ActiveCfg = Debug|Any CPU
		{8802EDA9-FF0A-4328-B3FA-9C2125EC794B}.Debug|Any CPU.Build.0 = Debug|Any CPU
		{8802EDA9-FF0A-4328-B3FA-9C2125EC794B}.Release|Any CPU.ActiveCfg = Release|Any CPU
		{8802EDA9-FF0A-4328-B3FA-9C2125EC794B}.Release|Any CPU.Build.0 = Release|Any CPU
		{302F2259-3F3F-48CE-BE6A-30892E4FC93F}.Debug|Any CPU.ActiveCfg = Debug|Any CPU
		{302F2259-3F3F-48CE-BE6A-30892E4FC93F}.Debug|Any CPU.Build.0 = Debug|Any CPU
		{302F2259-3F3F-48CE-BE6A-30892E4FC93F}.Release|Any CPU.ActiveCfg = Release|Any CPU
		{302F2259-3F3F-48CE-BE6A-30892E4FC93F}.Release|Any CPU.Build.0 = Release|Any CPU
		{0994C8EB-B811-43EE-A456-F8E608FD0C4F}.Debug|Any CPU.ActiveCfg = Debug|Any CPU
		{0994C8EB-B811-43EE-A456-F8E608FD0C4F}.Debug|Any CPU.Build.0 = Debug|Any CPU
		{0994C8EB-B811-43EE-A456-F8E608FD0C4F}.Release|Any CPU.ActiveCfg = Release|Any CPU
		{0994C8EB-B811-43EE-A456-F8E608FD0C4F}.Release|Any CPU.Build.0 = Release|Any CPU
		{9C03D6F8-97A2-44F3-BE52-578C2B0BF435}.Debug|Any CPU.ActiveCfg = Debug|Any CPU
		{9C03D6F8-97A2-44F3-BE52-578C2B0BF435}.Debug|Any CPU.Build.0 = Debug|Any CPU
		{9C03D6F8-97A2-44F3-BE52-578C2B0BF435}.Release|Any CPU.ActiveCfg = Release|Any CPU
		{9C03D6F8-97A2-44F3-BE52-578C2B0BF435}.Release|Any CPU.Build.0 = Release|Any CPU
	EndGlobalSection
	GlobalSection(SolutionProperties) = preSolution
		HideSolutionNode = FALSE
	EndGlobalSection
	GlobalSection(ExtensibilityGlobals) = postSolution
		SolutionGuid = {D2FF4194-C0FC-4ACB-9B73-64881800C003}
	EndGlobalSection
EndGlobal
